// !$*UTF8*$!
{
	archiveVersion = 1;
	classes = {
	};
	objectVersion = 56;
	objects = {

/* Begin PBXBuildFile section */
		F036A3E92B39C65C0022DDC2 /* MainWeatherView.swift in Sources */ = {isa = PBXBuildFile; fileRef = F036A3E82B39C65C0022DDC2 /* MainWeatherView.swift */; };
		F036A3EB2B39C6F30022DDC2 /* CityTextView.swift in Sources */ = {isa = PBXBuildFile; fileRef = F036A3EA2B39C6F30022DDC2 /* CityTextView.swift */; };
		F036A3ED2B39C7280022DDC2 /* WeatherDayView.swift in Sources */ = {isa = PBXBuildFile; fileRef = F036A3EC2B39C7280022DDC2 /* WeatherDayView.swift */; };
		F05A4FB42B00B516000319FE /* TimeButton.swift in Sources */ = {isa = PBXBuildFile; fileRef = F05A4FB32B00B516000319FE /* TimeButton.swift */; };
		F05A4FB62B00BA38000319FE /* BackgroundView.swift in Sources */ = {isa = PBXBuildFile; fileRef = F05A4FB52B00BA38000319FE /* BackgroundView.swift */; };
		F076A8E12AEE391D009B205F /* tutorial_weather_appApp.swift in Sources */ = {isa = PBXBuildFile; fileRef = F076A8E02AEE391D009B205F /* tutorial_weather_appApp.swift */; };
		F076A8E32AEE391D009B205F /* ContentView.swift in Sources */ = {isa = PBXBuildFile; fileRef = F076A8E22AEE391D009B205F /* ContentView.swift */; };
		F076A8E52AEE391E009B205F /* Assets.xcassets in Resources */ = {isa = PBXBuildFile; fileRef = F076A8E42AEE391E009B205F /* Assets.xcassets */; };
		F076A8E82AEE391E009B205F /* Preview Assets.xcassets in Resources */ = {isa = PBXBuildFile; fileRef = F076A8E72AEE391E009B205F /* Preview Assets.xcassets */; };
		F076A8F22AEE391E009B205F /* tutorial_weather_appTests.swift in Sources */ = {isa = PBXBuildFile; fileRef = F076A8F12AEE391E009B205F /* tutorial_weather_appTests.swift */; };
		F076A8FC2AEE391E009B205F /* tutorial_weather_appUITests.swift in Sources */ = {isa = PBXBuildFile; fileRef = F076A8FB2AEE391E009B205F /* tutorial_weather_appUITests.swift */; };
		F076A8FE2AEE391E009B205F /* tutorial_weather_appUITestsLaunchTests.swift in Sources */ = {isa = PBXBuildFile; fileRef = F076A8FD2AEE391E009B205F /* tutorial_weather_appUITestsLaunchTests.swift */; };
/* End PBXBuildFile section */

/* Begin PBXContainerItemProxy section */
		F076A8EE2AEE391E009B205F /* PBXContainerItemProxy */ = {
			isa = PBXContainerItemProxy;
			containerPortal = F076A8D52AEE391D009B205F /* Project object */;
			proxyType = 1;
			remoteGlobalIDString = F076A8DC2AEE391D009B205F;
			remoteInfo = tutorial_weather_app;
		};
		F076A8F82AEE391E009B205F /* PBXContainerItemProxy */ = {
			isa = PBXContainerItemProxy;
			containerPortal = F076A8D52AEE391D009B205F /* Project object */;
			proxyType = 1;
			remoteGlobalIDString = F076A8DC2AEE391D009B205F;
			remoteInfo = tutorial_weather_app;
		};
/* End PBXContainerItemProxy section */

/* Begin PBXFileReference section */
		F036A3E82B39C65C0022DDC2 /* MainWeatherView.swift */ = {isa = PBXFileReference; lastKnownFileType = sourcecode.swift; path = MainWeatherView.swift; sourceTree = "<group>"; };
		F036A3EA2B39C6F30022DDC2 /* CityTextView.swift */ = {isa = PBXFileReference; lastKnownFileType = sourcecode.swift; path = CityTextView.swift; sourceTree = "<group>"; };
		F036A3EC2B39C7280022DDC2 /* WeatherDayView.swift */ = {isa = PBXFileReference; lastKnownFileType = sourcecode.swift; path = WeatherDayView.swift; sourceTree = "<group>"; };
		F05A4FB32B00B516000319FE /* TimeButton.swift */ = {isa = PBXFileReference; lastKnownFileType = sourcecode.swift; path = TimeButton.swift; sourceTree = "<group>"; };
		F05A4FB52B00BA38000319FE /* BackgroundView.swift */ = {isa = PBXFileReference; lastKnownFileType = sourcecode.swift; path = BackgroundView.swift; sourceTree = "<group>"; };
		F076A8DD2AEE391D009B205F /* tutorial_weather_app.app */ = {isa = PBXFileReference; explicitFileType = wrapper.application; includeInIndex = 0; path = tutorial_weather_app.app; sourceTree = BUILT_PRODUCTS_DIR; };
		F076A8E02AEE391D009B205F /* tutorial_weather_appApp.swift */ = {isa = PBXFileReference; lastKnownFileType = sourcecode.swift; path = tutorial_weather_appApp.swift; sourceTree = "<group>"; };
		F076A8E22AEE391D009B205F /* ContentView.swift */ = {isa = PBXFileReference; lastKnownFileType = sourcecode.swift; path = ContentView.swift; sourceTree = "<group>"; };
		F076A8E42AEE391E009B205F /* Assets.xcassets */ = {isa = PBXFileReference; lastKnownFileType = folder.assetcatalog; path = Assets.xcassets; sourceTree = "<group>"; };
		F076A8E72AEE391E009B205F /* Preview Assets.xcassets */ = {isa = PBXFileReference; lastKnownFileType = folder.assetcatalog; path = "Preview Assets.xcassets"; sourceTree = "<group>"; };
		F076A8ED2AEE391E009B205F /* tutorial_weather_appTests.xctest */ = {isa = PBXFileReference; explicitFileType = wrapper.cfbundle; includeInIndex = 0; path = tutorial_weather_appTests.xctest; sourceTree = BUILT_PRODUCTS_DIR; };
		F076A8F12AEE391E009B205F /* tutorial_weather_appTests.swift */ = {isa = PBXFileReference; lastKnownFileType = sourcecode.swift; path = tutorial_weather_appTests.swift; sourceTree = "<group>"; };
		F076A8F72AEE391E009B205F /* tutorial_weather_appUITests.xctest */ = {isa = PBXFileReference; explicitFileType = wrapper.cfbundle; includeInIndex = 0; path = tutorial_weather_appUITests.xctest; sourceTree = BUILT_PRODUCTS_DIR; };
		F076A8FB2AEE391E009B205F /* tutorial_weather_appUITests.swift */ = {isa = PBXFileReference; lastKnownFileType = sourcecode.swift; path = tutorial_weather_appUITests.swift; sourceTree = "<group>"; };
		F076A8FD2AEE391E009B205F /* tutorial_weather_appUITestsLaunchTests.swift */ = {isa = PBXFileReference; lastKnownFileType = sourcecode.swift; path = tutorial_weather_appUITestsLaunchTests.swift; sourceTree = "<group>"; };
/* End PBXFileReference section */

/* Begin PBXFrameworksBuildPhase section */
		F076A8DA2AEE391D009B205F /* Frameworks */ = {
			isa = PBXFrameworksBuildPhase;
			buildActionMask = 2147483647;
			files = (
			);
			runOnlyForDeploymentPostprocessing = 0;
		};
		F076A8EA2AEE391E009B205F /* Frameworks */ = {
			isa = PBXFrameworksBuildPhase;
			buildActionMask = 2147483647;
			files = (
			);
			runOnlyForDeploymentPostprocessing = 0;
		};
		F076A8F42AEE391E009B205F /* Frameworks */ = {
			isa = PBXFrameworksBuildPhase;
			buildActionMask = 2147483647;
			files = (
			);
			runOnlyForDeploymentPostprocessing = 0;
		};
/* End PBXFrameworksBuildPhase section */

/* Begin PBXGroup section */
		F076A8D42AEE391D009B205F = {
			isa = PBXGroup;
			children = (
				F076A8DF2AEE391D009B205F /* tutorial_weather_app */,
				F076A8F02AEE391E009B205F /* tutorial_weather_appTests */,
				F076A8FA2AEE391E009B205F /* tutorial_weather_appUITests */,
				F076A8DE2AEE391D009B205F /* Products */,
			);
			sourceTree = "<group>";
		};
		F076A8DE2AEE391D009B205F /* Products */ = {
			isa = PBXGroup;
			children = (
				F076A8DD2AEE391D009B205F /* tutorial_weather_app.app */,
				F076A8ED2AEE391E009B205F /* tutorial_weather_appTests.xctest */,
				F076A8F72AEE391E009B205F /* tutorial_weather_appUITests.xctest */,
			);
			name = Products;
			sourceTree = "<group>";
		};
		F076A8DF2AEE391D009B205F /* tutorial_weather_app */ = {
			isa = PBXGroup;
			children = (
				F076A8E02AEE391D009B205F /* tutorial_weather_appApp.swift */,
				F076A8E22AEE391D009B205F /* ContentView.swift */,
				F05A4FB52B00BA38000319FE /* BackgroundView.swift */,
				F05A4FB32B00B516000319FE /* TimeButton.swift */,
				F036A3E82B39C65C0022DDC2 /* MainWeatherView.swift */,
				F036A3EA2B39C6F30022DDC2 /* CityTextView.swift */,
				F036A3EC2B39C7280022DDC2 /* WeatherDayView.swift */,
				F076A8E42AEE391E009B205F /* Assets.xcassets */,
				F076A8E62AEE391E009B205F /* Preview Content */,
			);
			path = tutorial_weather_app;
			sourceTree = "<group>";
		};
		F076A8E62AEE391E009B205F /* Preview Content */ = {
			isa = PBXGroup;
			children = (
				F076A8E72AEE391E009B205F /* Preview Assets.xcassets */,
			);
			path = "Preview Content";
			sourceTree = "<group>";
		};
		F076A8F02AEE391E009B205F /* tutorial_weather_appTests */ = {
			isa = PBXGroup;
			children = (
				F076A8F12AEE391E009B205F /* tutorial_weather_appTests.swift */,
			);
			path = tutorial_weather_appTests;
			sourceTree = "<group>";
		};
		F076A8FA2AEE391E009B205F /* tutorial_weather_appUITests */ = {
			isa = PBXGroup;
			children = (
				F076A8FB2AEE391E009B205F /* tutorial_weather_appUITests.swift */,
				F076A8FD2AEE391E009B205F /* tutorial_weather_appUITestsLaunchTests.swift */,
			);
			path = tutorial_weather_appUITests;
			sourceTree = "<group>";
		};
/* End PBXGroup section */

/* Begin PBXNativeTarget section */
		F076A8DC2AEE391D009B205F /* tutorial_weather_app */ = {
			isa = PBXNativeTarget;
			buildConfigurationList = F076A9012AEE391E009B205F /* Build configuration list for PBXNativeTarget "tutorial_weather_app" */;
			buildPhases = (
				F076A8D92AEE391D009B205F /* Sources */,
				F076A8DA2AEE391D009B205F /* Frameworks */,
				F076A8DB2AEE391D009B205F /* Resources */,
			);
			buildRules = (
			);
			dependencies = (
			);
			name = tutorial_weather_app;
			productName = tutorial_weather_app;
			productReference = F076A8DD2AEE391D009B205F /* tutorial_weather_app.app */;
			productType = "com.apple.product-type.application";
		};
		F076A8EC2AEE391E009B205F /* tutorial_weather_appTests */ = {
			isa = PBXNativeTarget;
			buildConfigurationList = F076A9042AEE391E009B205F /* Build configuration list for PBXNativeTarget "tutorial_weather_appTests" */;
			buildPhases = (
				F076A8E92AEE391E009B205F /* Sources */,
				F076A8EA2AEE391E009B205F /* Frameworks */,
				F076A8EB2AEE391E009B205F /* Resources */,
			);
			buildRules = (
			);
			dependencies = (
				F076A8EF2AEE391E009B205F /* PBXTargetDependency */,
			);
			name = tutorial_weather_appTests;
			productName = tutorial_weather_appTests;
			productReference = F076A8ED2AEE391E009B205F /* tutorial_weather_appTests.xctest */;
			productType = "com.apple.product-type.bundle.unit-test";
		};
		F076A8F62AEE391E009B205F /* tutorial_weather_appUITests */ = {
			isa = PBXNativeTarget;
			buildConfigurationList = F076A9072AEE391E009B205F /* Build configuration list for PBXNativeTarget "tutorial_weather_appUITests" */;
			buildPhases = (
				F076A8F32AEE391E009B205F /* Sources */,
				F076A8F42AEE391E009B205F /* Frameworks */,
				F076A8F52AEE391E009B205F /* Resources */,
			);
			buildRules = (
			);
			dependencies = (
				F076A8F92AEE391E009B205F /* PBXTargetDependency */,
			);
			name = tutorial_weather_appUITests;
			productName = tutorial_weather_appUITests;
			productReference = F076A8F72AEE391E009B205F /* tutorial_weather_appUITests.xctest */;
			productType = "com.apple.product-type.bundle.ui-testing";
		};
/* End PBXNativeTarget section */

/* Begin PBXProject section */
		F076A8D52AEE391D009B205F /* Project object */ = {
			isa = PBXProject;
			attributes = {
				BuildIndependentTargetsInParallel = 1;
				LastSwiftUpdateCheck = 1500;
				LastUpgradeCheck = 1500;
				TargetAttributes = {
					F076A8DC2AEE391D009B205F = {
						CreatedOnToolsVersion = 15.0.1;
					};
					F076A8EC2AEE391E009B205F = {
						CreatedOnToolsVersion = 15.0.1;
						TestTargetID = F076A8DC2AEE391D009B205F;
					};
					F076A8F62AEE391E009B205F = {
						CreatedOnToolsVersion = 15.0.1;
						TestTargetID = F076A8DC2AEE391D009B205F;
					};
				};
			};
			buildConfigurationList = F076A8D82AEE391D009B205F /* Build configuration list for PBXProject "tutorial_weather_app" */;
			compatibilityVersion = "Xcode 14.0";
			developmentRegion = en;
			hasScannedForEncodings = 0;
			knownRegions = (
				en,
				Base,
			);
			mainGroup = F076A8D42AEE391D009B205F;
			productRefGroup = F076A8DE2AEE391D009B205F /* Products */;
			projectDirPath = "";
			projectRoot = "";
			targets = (
				F076A8DC2AEE391D009B205F /* tutorial_weather_app */,
				F076A8EC2AEE391E009B205F /* tutorial_weather_appTests */,
				F076A8F62AEE391E009B205F /* tutorial_weather_appUITests */,
			);
		};
/* End PBXProject section */

/* Begin PBXResourcesBuildPhase section */
		F076A8DB2AEE391D009B205F /* Resources */ = {
			isa = PBXResourcesBuildPhase;
			buildActionMask = 2147483647;
			files = (
				F076A8E82AEE391E009B205F /* Preview Assets.xcassets in Resources */,
				F076A8E52AEE391E009B205F /* Assets.xcassets in Resources */,
			);
			runOnlyForDeploymentPostprocessing = 0;
		};
		F076A8EB2AEE391E009B205F /* Resources */ = {
			isa = PBXResourcesBuildPhase;
			buildActionMask = 2147483647;
			files = (
			);
			runOnlyForDeploymentPostprocessing = 0;
		};
		F076A8F52AEE391E009B205F /* Resources */ = {
			isa = PBXResourcesBuildPhase;
			buildActionMask = 2147483647;
			files = (
			);
			runOnlyForDeploymentPostprocessing = 0;
		};
/* End PBXResourcesBuildPhase section */

/* Begin PBXSourcesBuildPhase section */
		F076A8D92AEE391D009B205F /* Sources */ = {
			isa = PBXSourcesBuildPhase;
			buildActionMask = 2147483647;
			files = (
				F036A3ED2B39C7280022DDC2 /* WeatherDayView.swift in Sources */,
				F076A8E32AEE391D009B205F /* ContentView.swift in Sources */,
				F05A4FB42B00B516000319FE /* TimeButton.swift in Sources */,
				F036A3EB2B39C6F30022DDC2 /* CityTextView.swift in Sources */,
				F05A4FB62B00BA38000319FE /* BackgroundView.swift in Sources */,
				F036A3E92B39C65C0022DDC2 /* MainWeatherView.swift in Sources */,
				F076A8E12AEE391D009B205F /* tutorial_weather_appApp.swift in Sources */,
			);
			runOnlyForDeploymentPostprocessing = 0;
		};
		F076A8E92AEE391E009B205F /* Sources */ = {
			isa = PBXSourcesBuildPhase;
			buildActionMask = 2147483647;
			files = (
				F076A8F22AEE391E009B205F /* tutorial_weather_appTests.swift in Sources */,
			);
			runOnlyForDeploymentPostprocessing = 0;
		};
		F076A8F32AEE391E009B205F /* Sources */ = {
			isa = PBXSourcesBuildPhase;
			buildActionMask = 2147483647;
			files = (
				F076A8FC2AEE391E009B205F /* tutorial_weather_appUITests.swift in Sources */,
				F076A8FE2AEE391E009B205F /* tutorial_weather_appUITestsLaunchTests.swift in Sources */,
			);
			runOnlyForDeploymentPostprocessing = 0;
		};
/* End PBXSourcesBuildPhase section */

/* Begin PBXTargetDependency section */
		F076A8EF2AEE391E009B205F /* PBXTargetDependency */ = {
			isa = PBXTargetDependency;
			target = F076A8DC2AEE391D009B205F /* tutorial_weather_app */;
			targetProxy = F076A8EE2AEE391E009B205F /* PBXContainerItemProxy */;
		};
		F076A8F92AEE391E009B205F /* PBXTargetDependency */ = {
			isa = PBXTargetDependency;
			target = F076A8DC2AEE391D009B205F /* tutorial_weather_app */;
			targetProxy = F076A8F82AEE391E009B205F /* PBXContainerItemProxy */;
		};
/* End PBXTargetDependency section */

/* Begin XCBuildConfiguration section */
		F076A8FF2AEE391E009B205F /* Debug */ = {
			isa = XCBuildConfiguration;
			buildSettings = {
				ALWAYS_SEARCH_USER_PATHS = NO;
				ASSETCATALOG_COMPILER_GENERATE_SWIFT_ASSET_SYMBOL_EXTENSIONS = YES;
				CLANG_ANALYZER_NONNULL = YES;
				CLANG_ANALYZER_NUMBER_OBJECT_CONVERSION = YES_AGGRESSIVE;
				CLANG_CXX_LANGUAGE_STANDARD = "gnu++20";
				CLANG_ENABLE_MODULES = YES;
				CLANG_ENABLE_OBJC_ARC = YES;
				CLANG_ENABLE_OBJC_WEAK = YES;
				CLANG_WARN_BLOCK_CAPTURE_AUTORELEASING = YES;
				CLANG_WARN_BOOL_CONVERSION = YES;
				CLANG_WARN_COMMA = YES;
				CLANG_WARN_CONSTANT_CONVERSION = YES;
				CLANG_WARN_DEPRECATED_OBJC_IMPLEMENTATIONS = YES;
				CLANG_WARN_DIRECT_OBJC_ISA_USAGE = YES_ERROR;
				CLANG_WARN_DOCUMENTATION_COMMENTS = YES;
				CLANG_WARN_EMPTY_BODY = YES;
				CLANG_WARN_ENUM_CONVERSION = YES;
				CLANG_WARN_INFINITE_RECURSION = YES;
				CLANG_WARN_INT_CONVERSION = YES;
				CLANG_WARN_NON_LITERAL_NULL_CONVERSION = YES;
				CLANG_WARN_OBJC_IMPLICIT_RETAIN_SELF = YES;
				CLANG_WARN_OBJC_LITERAL_CONVERSION = YES;
				CLANG_WARN_OBJC_ROOT_CLASS = YES_ERROR;
				CLANG_WARN_QUOTED_INCLUDE_IN_FRAMEWORK_HEADER = YES;
				CLANG_WARN_RANGE_LOOP_ANALYSIS = YES;
				CLANG_WARN_STRICT_PROTOTYPES = YES;
				CLANG_WARN_SUSPICIOUS_MOVE = YES;
				CLANG_WARN_UNGUARDED_AVAILABILITY = YES_AGGRESSIVE;
				CLANG_WARN_UNREACHABLE_CODE = YES;
				CLANG_WARN__DUPLICATE_METHOD_MATCH = YES;
				COPY_PHASE_STRIP = NO;
				DEBUG_INFORMATION_FORMAT = dwarf;
				ENABLE_STRICT_OBJC_MSGSEND = YES;
				ENABLE_TESTABILITY = YES;
				ENABLE_USER_SCRIPT_SANDBOXING = YES;
				GCC_C_LANGUAGE_STANDARD = gnu17;
				GCC_DYNAMIC_NO_PIC = NO;
				GCC_NO_COMMON_BLOCKS = YES;
				GCC_OPTIMIZATION_LEVEL = 0;
				GCC_PREPROCESSOR_DEFINITIONS = (
					"DEBUG=1",
					"$(inherited)",
				);
				GCC_WARN_64_TO_32_BIT_CONVERSION = YES;
				GCC_WARN_ABOUT_RETURN_TYPE = YES_ERROR;
				GCC_WARN_UNDECLARED_SELECTOR = YES;
				GCC_WARN_UNINITIALIZED_AUTOS = YES_AGGRESSIVE;
				GCC_WARN_UNUSED_FUNCTION = YES;
				GCC_WARN_UNUSED_VARIABLE = YES;
				IPHONEOS_DEPLOYMENT_TARGET = 17.0;
				LOCALIZATION_PREFERS_STRING_CATALOGS = YES;
				MTL_ENABLE_DEBUG_INFO = INCLUDE_SOURCE;
				MTL_FAST_MATH = YES;
				ONLY_ACTIVE_ARCH = YES;
				SDKROOT = iphoneos;
				SWIFT_ACTIVE_COMPILATION_CONDITIONS = "DEBUG $(inherited)";
				SWIFT_OPTIMIZATION_LEVEL = "-Onone";
			};
			name = Debug;
		};
		F076A9002AEE391E009B205F /* Release */ = {
			isa = XCBuildConfiguration;
			buildSettings = {
				ALWAYS_SEARCH_USER_PATHS = NO;
				ASSETCATALOG_COMPILER_GENERATE_SWIFT_ASSET_SYMBOL_EXTENSIONS = YES;
				CLANG_ANALYZER_NONNULL = YES;
				CLANG_ANALYZER_NUMBER_OBJECT_CONVERSION = YES_AGGRESSIVE;
				CLANG_CXX_LANGUAGE_STANDARD = "gnu++20";
				CLANG_ENABLE_MODULES = YES;
				CLANG_ENABLE_OBJC_ARC = YES;
				CLANG_ENABLE_OBJC_WEAK = YES;
				CLANG_WARN_BLOCK_CAPTURE_AUTORELEASING = YES;
				CLANG_WARN_BOOL_CONVERSION = YES;
				CLANG_WARN_COMMA = YES;
				CLANG_WARN_CONSTANT_CONVERSION = YES;
				CLANG_WARN_DEPRECATED_OBJC_IMPLEMENTATIONS = YES;
				CLANG_WARN_DIRECT_OBJC_ISA_USAGE = YES_ERROR;
				CLANG_WARN_DOCUMENTATION_COMMENTS = YES;
				CLANG_WARN_EMPTY_BODY = YES;
				CLANG_WARN_ENUM_CONVERSION = YES;
				CLANG_WARN_INFINITE_RECURSION = YES;
				CLANG_WARN_INT_CONVERSION = YES;
				CLANG_WARN_NON_LITERAL_NULL_CONVERSION = YES;
				CLANG_WARN_OBJC_IMPLICIT_RETAIN_SELF = YES;
				CLANG_WARN_OBJC_LITERAL_CONVERSION = YES;
				CLANG_WARN_OBJC_ROOT_CLASS = YES_ERROR;
				CLANG_WARN_QUOTED_INCLUDE_IN_FRAMEWORK_HEADER = YES;
				CLANG_WARN_RANGE_LOOP_ANALYSIS = YES;
				CLANG_WARN_STRICT_PROTOTYPES = YES;
				CLANG_WARN_SUSPICIOUS_MOVE = YES;
				CLANG_WARN_UNGUARDED_AVAILABILITY = YES_AGGRESSIVE;
				CLANG_WARN_UNREACHABLE_CODE = YES;
				CLANG_WARN__DUPLICATE_METHOD_MATCH = YES;
				COPY_PHASE_STRIP = NO;
				DEBUG_INFORMATION_FORMAT = "dwarf-with-dsym";
				ENABLE_NS_ASSERTIONS = NO;
				ENABLE_STRICT_OBJC_MSGSEND = YES;
				ENABLE_USER_SCRIPT_SANDBOXING = YES;
				GCC_C_LANGUAGE_STANDARD = gnu17;
				GCC_NO_COMMON_BLOCKS = YES;
				GCC_WARN_64_TO_32_BIT_CONVERSION = YES;
				GCC_WARN_ABOUT_RETURN_TYPE = YES_ERROR;
				GCC_WARN_UNDECLARED_SELECTOR = YES;
				GCC_WARN_UNINITIALIZED_AUTOS = YES_AGGRESSIVE;
				GCC_WARN_UNUSED_FUNCTION = YES;
				GCC_WARN_UNUSED_VARIABLE = YES;
				IPHONEOS_DEPLOYMENT_TARGET = 17.0;
				LOCALIZATION_PREFERS_STRING_CATALOGS = YES;
				MTL_ENABLE_DEBUG_INFO = NO;
				MTL_FAST_MATH = YES;
				SDKROOT = iphoneos;
				SWIFT_COMPILATION_MODE = wholemodule;
				VALIDATE_PRODUCT = YES;
			};
			name = Release;
		};
		F076A9022AEE391E009B205F /* Debug */ = {
			isa = XCBuildConfiguration;
			buildSettings = {
				ASSETCATALOG_COMPILER_APPICON_NAME = AppIcon;
				ASSETCATALOG_COMPILER_GLOBAL_ACCENT_COLOR_NAME = AccentColor;
				CODE_SIGN_STYLE = Automatic;
				CURRENT_PROJECT_VERSION = 1;
				DEVELOPMENT_ASSET_PATHS = "\"tutorial_weather_app/Preview Content\"";
				DEVELOPMENT_TEAM = 3WB6LF5397;
				ENABLE_PREVIEWS = YES;
				GENERATE_INFOPLIST_FILE = YES;
				INFOPLIST_KEY_UIApplicationSceneManifest_Generation = YES;
				INFOPLIST_KEY_UIApplicationSupportsIndirectInputEvents = YES;
				INFOPLIST_KEY_UILaunchScreen_Generation = YES;
				INFOPLIST_KEY_UISupportedInterfaceOrientations_iPad = "UIInterfaceOrientationPortrait UIInterfaceOrientationPortraitUpsideDown UIInterfaceOrientationLandscapeLeft UIInterfaceOrientationLandscapeRight";
				INFOPLIST_KEY_UISupportedInterfaceOrientations_iPhone = "UIInterfaceOrientationPortrait UIInterfaceOrientationLandscapeLeft UIInterfaceOrientationLandscapeRight";
				LD_RUNPATH_SEARCH_PATHS = (
					"$(inherited)",
					"@executable_path/Frameworks",
				);
				MARKETING_VERSION = 1.0;
				PRODUCT_BUNDLE_IDENTIFIER = "tihl.tutorial-weather-app";
				PRODUCT_NAME = "$(TARGET_NAME)";
				SWIFT_EMIT_LOC_STRINGS = YES;
				SWIFT_VERSION = 5.0;
				TARGETED_DEVICE_FAMILY = "1,2";
			};
			name = Debug;
		};
		F076A9032AEE391E009B205F /* Release */ = {
			isa = XCBuildConfiguration;
			buildSettings = {
				ASSETCATALOG_COMPILER_APPICON_NAME = AppIcon;
				ASSETCATALOG_COMPILER_GLOBAL_ACCENT_COLOR_NAME = AccentColor;
				CODE_SIGN_STYLE = Automatic;
				CURRENT_PROJECT_VERSION = 1;
				DEVELOPMENT_ASSET_PATHS = "\"tutorial_weather_app/Preview Content\"";
				DEVELOPMENT_TEAM = 3WB6LF5397;
				ENABLE_PREVIEWS = YES;
				GENERATE_INFOPLIST_FILE = YES;
				INFOPLIST_KEY_UIApplicationSceneManifest_Generation = YES;
				INFOPLIST_KEY_UIApplicationSupportsIndirectInputEvents = YES;
				INFOPLIST_KEY_UILaunchScreen_Generation = YES;
				INFOPLIST_KEY_UISupportedInterfaceOrientations_iPad = "UIInterfaceOrientationPortrait UIInterfaceOrientationPortraitUpsideDown UIInterfaceOrientationLandscapeLeft UIInterfaceOrientationLandscapeRight";
				INFOPLIST_KEY_UISupportedInterfaceOrientations_iPhone = "UIInterfaceOrientationPortrait UIInterfaceOrientationLandscapeLeft UIInterfaceOrientationLandscapeRight";
				LD_RUNPATH_SEARCH_PATHS = (
					"$(inherited)",
					"@executable_path/Frameworks",
				);
				MARKETING_VERSION = 1.0;
				PRODUCT_BUNDLE_IDENTIFIER = "tihl.tutorial-weather-app";
				PRODUCT_NAME = "$(TARGET_NAME)";
				SWIFT_EMIT_LOC_STRINGS = YES;
				SWIFT_VERSION = 5.0;
				TARGETED_DEVICE_FAMILY = "1,2";
			};
			name = Release;
		};
		F076A9052AEE391E009B205F /* Debug */ = {
			isa = XCBuildConfiguration;
			buildSettings = {
				ALWAYS_EMBED_SWIFT_STANDARD_LIBRARIES = YES;
				BUNDLE_LOADER = "$(TEST_HOST)";
				CODE_SIGN_STYLE = Automatic;
				CURRENT_PROJECT_VERSION = 1;
				GENERATE_INFOPLIST_FILE = YES;
				IPHONEOS_DEPLOYMENT_TARGET = 17.0;
				MARKETING_VERSION = 1.0;
				PRODUCT_BUNDLE_IDENTIFIER = "tihl.tutorial-weather-appTests";
				PRODUCT_NAME = "$(TARGET_NAME)";
				SWIFT_EMIT_LOC_STRINGS = NO;
				SWIFT_VERSION = 5.0;
				TARGETED_DEVICE_FAMILY = "1,2";
				TEST_HOST = "$(BUILT_PRODUCTS_DIR)/tutorial_weather_app.app/$(BUNDLE_EXECUTABLE_FOLDER_PATH)/tutorial_weather_app";
			};
			name = Debug;
		};
		F076A9062AEE391E009B205F /* Release */ = {
			isa = XCBuildConfiguration;
			buildSettings = {
				ALWAYS_EMBED_SWIFT_STANDARD_LIBRARIES = YES;
				BUNDLE_LOADER = "$(TEST_HOST)";
				CODE_SIGN_STYLE = Automatic;
				CURRENT_PROJECT_VERSION = 1;
				GENERATE_INFOPLIST_FILE = YES;
				IPHONEOS_DEPLOYMENT_TARGET = 17.0;
				MARKETING_VERSION = 1.0;
				PRODUCT_BUNDLE_IDENTIFIER = "tihl.tutorial-weather-appTests";
				PRODUCT_NAME = "$(TARGET_NAME)";
				SWIFT_EMIT_LOC_STRINGS = NO;
				SWIFT_VERSION = 5.0;
				TARGETED_DEVICE_FAMILY = "1,2";
				TEST_HOST = "$(BUILT_PRODUCTS_DIR)/tutorial_weather_app.app/$(BUNDLE_EXECUTABLE_FOLDER_PATH)/tutorial_weather_app";
			};
			name = Release;
		};
		F076A9082AEE391E009B205F /* Debug */ = {
			isa = XCBuildConfiguration;
			buildSettings = {
				ALWAYS_EMBED_SWIFT_STANDARD_LIBRARIES = YES;
				CODE_SIGN_STYLE = Automatic;
				CURRENT_PROJECT_VERSION = 1;
				GENERATE_INFOPLIST_FILE = YES;
				MARKETING_VERSION = 1.0;
				PRODUCT_BUNDLE_IDENTIFIER = "tihl.tutorial-weather-appUITests";
				PRODUCT_NAME = "$(TARGET_NAME)";
				SWIFT_EMIT_LOC_STRINGS = NO;
				SWIFT_VERSION = 5.0;
				TARGETED_DEVICE_FAMILY = "1,2";
				TEST_TARGET_NAME = tutorial_weather_app;
			};
			name = Debug;
		};
		F076A9092AEE391E009B205F /* Release */ = {
			isa = XCBuildConfiguration;
			buildSettings = {
				ALWAYS_EMBED_SWIFT_STANDARD_LIBRARIES = YES;
				CODE_SIGN_STYLE = Automatic;
				CURRENT_PROJECT_VERSION = 1;
				GENERATE_INFOPLIST_FILE = YES;
				MARKETING_VERSION = 1.0;
				PRODUCT_BUNDLE_IDENTIFIER = "tihl.tutorial-weather-appUITests";
				PRODUCT_NAME = "$(TARGET_NAME)";
				SWIFT_EMIT_LOC_STRINGS = NO;
				SWIFT_VERSION = 5.0;
				TARGETED_DEVICE_FAMILY = "1,2";
				TEST_TARGET_NAME = tutorial_weather_app;
			};
			name = Release;
		};
/* End XCBuildConfiguration section */

/* Begin XCConfigurationList section */
		F076A8D82AEE391D009B205F /* Build configuration list for PBXProject "tutorial_weather_app" */ = {
			isa = XCConfigurationList;
			buildConfigurations = (
				F076A8FF2AEE391E009B205F /* Debug */,
				F076A9002AEE391E009B205F /* Release */,
			);
			defaultConfigurationIsVisible = 0;
			defaultConfigurationName = Release;
		};
		F076A9012AEE391E009B205F /* Build configuration list for PBXNativeTarget "tutorial_weather_app" */ = {
			isa = XCConfigurationList;
			buildConfigurations = (
				F076A9022AEE391E009B205F /* Debug */,
				F076A9032AEE391E009B205F /* Release */,
			);
			defaultConfigurationIsVisible = 0;
			defaultConfigurationName = Release;
		};
		F076A9042AEE391E009B205F /* Build configuration list for PBXNativeTarget "tutorial_weather_appTests" */ = {
			isa = XCConfigurationList;
			buildConfigurations = (
				F076A9052AEE391E009B205F /* Debug */,
				F076A9062AEE391E009B205F /* Release */,
			);
			defaultConfigurationIsVisible = 0;
			defaultConfigurationName = Release;
		};
		F076A9072AEE391E009B205F /* Build configuration list for PBXNativeTarget "tutorial_weather_appUITests" */ = {
			isa = XCConfigurationList;
			buildConfigurations = (
				F076A9082AEE391E009B205F /* Debug */,
				F076A9092AEE391E009B205F /* Release */,
			);
			defaultConfigurationIsVisible = 0;
			defaultConfigurationName = Release;
		};
/* End XCConfigurationList section */
	};
	rootObject = F076A8D52AEE391D009B205F /* Project object */;
}
